
Microsoft Visual Studio Solution File, Format Version 12.00
# Visual Studio Version 17
VisualStudioVersion = 17.11.35303.130
MinimumVisualStudioVersion = 10.0.40219.1
Project("{FAE04EC0-301F-11D3-BF4B-00C04F79EFBC}") = "caso 1", "ConsoleApp1\caso 1.csproj", "{856132EB-EB83-4BB6-A611-5B5B8BE54349}"
EndProject
Project("{FAE04EC0-301F-11D3-BF4B-00C04F79EFBC}") = "caso 3", "caso 2\caso 3.csproj", "{961CF9DF-29A5-44DD-B69F-BEE0355FB897}"
EndProject
Project("{FAE04EC0-301F-11D3-BF4B-00C04F79EFBC}") = "caso 4", "caso 4\caso 4.csproj", "{1CA41B32-F163-4B73-B6E6-4CAD05ED20DB}"
EndProject
Project("{FAE04EC0-301F-11D3-BF4B-00C04F79EFBC}") = "caso 5", "caso 5\caso 5.csproj", "{5BEE7C9C-9BCF-4B90-9B2D-279944140637}"
EndProject
Project("{FAE04EC0-301F-11D3-BF4B-00C04F79EFBC}") = "caso 7", "caso 7\caso 7.csproj", "{D35C2553-7F96-414D-8E62-434F2323F440}"
EndProject
Project("{FAE04EC0-301F-11D3-BF4B-00C04F79EFBC}") = "caso 6", "caso 6\caso 6.csproj", "{DD13DF03-9849-434F-A0F4-317F7DD0D0B0}"
EndProject
Project("{FAE04EC0-301F-11D3-BF4B-00C04F79EFBC}") = "caso 2", "caso 2\caso 2.csproj", "{992B3484-6417-4507-B87E-6190F13D4B0D}"
EndProject
Global
	GlobalSection(SolutionConfigurationPlatforms) = preSolution
		Debug|Any CPU = Debug|Any CPU
		Release|Any CPU = Release|Any CPU
	EndGlobalSection
	GlobalSection(ProjectConfigurationPlatforms) = postSolution
		{856132EB-EB83-4BB6-A611-5B5B8BE54349}.Debug|Any CPU.ActiveCfg = Debug|Any CPU
		{856132EB-EB83-4BB6-A611-5B5B8BE54349}.Debug|Any CPU.Build.0 = Debug|Any CPU
		{856132EB-EB83-4BB6-A611-5B5B8BE54349}.Release|Any CPU.ActiveCfg = Release|Any CPU
		{856132EB-EB83-4BB6-A611-5B5B8BE54349}.Release|Any CPU.Build.0 = Release|Any CPU
		{961CF9DF-29A5-44DD-B69F-BEE0355FB897}.Debug|Any CPU.ActiveCfg = Debug|Any CPU
		{961CF9DF-29A5-44DD-B69F-BEE0355FB897}.Debug|Any CPU.Build.0 = Debug|Any CPU
		{961CF9DF-29A5-44DD-B69F-BEE0355FB897}.Release|Any CPU.ActiveCfg = Release|Any CPU
		{961CF9DF-29A5-44DD-B69F-BEE0355FB897}.Release|Any CPU.Build.0 = Release|Any CPU
		{1CA41B32-F163-4B73-B6E6-4CAD05ED20DB}.Debug|Any CPU.ActiveCfg = Debug|Any CPU
		{1CA41B32-F163-4B73-B6E6-4CAD05ED20DB}.Debug|Any CPU.Build.0 = Debug|Any CPU
		{1CA41B32-F163-4B73-B6E6-4CAD05ED20DB}.Release|Any CPU.ActiveCfg = Release|Any CPU
		{1CA41B32-F163-4B73-B6E6-4CAD05ED20DB}.Release|Any CPU.Build.0 = Release|Any CPU
		{5BEE7C9C-9BCF-4B90-9B2D-279944140637}.Debug|Any CPU.ActiveCfg = Debug|Any CPU
		{5BEE7C9C-9BCF-4B90-9B2D-279944140637}.Debug|Any CPU.Build.0 = Debug|Any CPU
		{5BEE7C9C-9BCF-4B90-9B2D-279944140637}.Release|Any CPU.ActiveCfg = Release|Any CPU
		{5BEE7C9C-9BCF-4B90-9B2D-279944140637}.Release|Any CPU.Build.0 = Release|Any CPU
		{D35C2553-7F96-414D-8E62-434F2323F440}.Debug|Any CPU.ActiveCfg = Debug|Any CPU
		{D35C2553-7F96-414D-8E62-434F2323F440}.Debug|Any CPU.Build.0 = Debug|Any CPU
		{D35C2553-7F96-414D-8E62-434F2323F440}.Release|Any CPU.ActiveCfg = Release|Any CPU
		{D35C2553-7F96-414D-8E62-434F2323F440}.Release|Any CPU.Build.0 = Release|Any CPU
		{DD13DF03-9849-434F-A0F4-317F7DD0D0B0}.Debug|Any CPU.ActiveCfg = Debug|Any CPU
		{DD13DF03-9849-434F-A0F4-317F7DD0D0B0}.Debug|Any CPU.Build.0 = Debug|Any CPU
		{DD13DF03-9849-434F-A0F4-317F7DD0D0B0}.Release|Any CPU.ActiveCfg = Release|Any CPU
		{DD13DF03-9849-434F-A0F4-317F7DD0D0B0}.Release|Any CPU.Build.0 = Release|Any CPU
		{992B3484-6417-4507-B87E-6190F13D4B0D}.Debug|Any CPU.ActiveCfg = Debug|Any CPU
		{992B3484-6417-4507-B87E-6190F13D4B0D}.Debug|Any CPU.Build.0 = Debug|Any CPU
		{992B3484-6417-4507-B87E-6190F13D4B0D}.Release|Any CPU.ActiveCfg = Release|Any CPU
		{992B3484-6417-4507-B87E-6190F13D4B0D}.Release|Any CPU.Build.0 = Release|Any CPU
	EndGlobalSection
	GlobalSection(SolutionProperties) = preSolution
		HideSolutionNode = FALSE
	EndGlobalSection
	GlobalSection(ExtensibilityGlobals) = postSolution
		SolutionGuid = {759B8F89-E36E-42EA-B320-5A1758B09832}
	EndGlobalSection
EndGlobal
